
Microsoft Visual Studio Solution File, Format Version 12.00
# Visual Studio Version 17
VisualStudioVersion = 17.7.34003.232
MinimumVisualStudioVersion = 10.0.40219.1
Project("{FAE04EC0-301F-11D3-BF4B-00C04F79EFBC}") = "ChatApp", "ChatApp\ChatApp.csproj", "{5A5901D8-2034-48DF-9AE2-D8BC575EF8CC}"
EndProject
Global
	GlobalSection(SolutionConfigurationPlatforms) = preSolution
		Debug|Any CPU = Debug|Any CPU
		Release|Any CPU = Release|Any CPU
	EndGlobalSection
	GlobalSection(ProjectConfigurationPlatforms) = postSolution
		{5A5901D8-2034-48DF-9AE2-D8BC575EF8CC}.Debug|Any CPU.ActiveCfg = Debug|Any CPU
		{5A5901D8-2034-48DF-9AE2-D8BC575EF8CC}.Debug|Any CPU.Build.0 = Debug|Any CPU
		{5A5901D8-2034-48DF-9AE2-D8BC575EF8CC}.Release|Any CPU.ActiveCfg = Release|Any CPU
		{5A5901D8-2034-48DF-9AE2-D8BC575EF8CC}.Release|Any CPU.Build.0 = Release|Any CPU
	EndGlobalSection
	GlobalSection(SolutionProperties) = preSolution
		HideSolutionNode = FALSE
	EndGlobalSection
	GlobalSection(ExtensibilityGlobals) = postSolution
		SolutionGuid = {67A40D41-0D64-41E8-A94E-4DED1F46B3F7}
	EndGlobalSection
EndGlobal
